
Microsoft Visual Studio Solution File, Format Version 12.00
# Visual Studio 14
VisualStudioVersion = 14.0.25123.0
MinimumVisualStudioVersion = 10.0.40219.1
Project("{FAE04EC0-301F-11D3-BF4B-00C04F79EFBC}") = "OpenSolitaireMG", "OpenSolitaireMG\OpenSolitaireMG.csproj", "{43E2658B-B7E6-4888-8046-1C499DADA3EE}"
EndProject
Project("{2150E333-8FDC-42A3-9474-1A3956D46DE8}") = "Solution Items", "Solution Items", "{CDFA4F2B-834C-45D8-87C8-176F4260073F}"
	ProjectSection(SolutionItems) = preProject
		GPL 3.txt = GPL 3.txt
		..\LICENSE.md = ..\LICENSE.md
		..\README.md = ..\README.md
	EndProjectSection
EndProject
Project("{FAE04EC0-301F-11D3-BF4B-00C04F79EFBC}") = "GameLibrary", "GameLibrary\GameLibrary.csproj", "{97F6C522-D17C-4D10-B621-5B431E3C6CE9}"
	ProjectSection(ProjectDependencies) = postProject
		{FC00DFB6-78B8-409A-B2D9-A1F3E8BE73D7} = {FC00DFB6-78B8-409A-B2D9-A1F3E8BE73D7}
	EndProjectSection
EndProject
Project("{FAE04EC0-301F-11D3-BF4B-00C04F79EFBC}") = "UserInterface", "UserInterface\UserInterface.csproj", "{FC00DFB6-78B8-409A-B2D9-A1F3E8BE73D7}"
EndProject
Global
	GlobalSection(SolutionConfigurationPlatforms) = preSolution
		Debug|Any CPU = Debug|Any CPU
		Debug|x86 = Debug|x86
		Release|Any CPU = Release|Any CPU
		Release|x86 = Release|x86
	EndGlobalSection
	GlobalSection(ProjectConfigurationPlatforms) = postSolution
		{43E2658B-B7E6-4888-8046-1C499DADA3EE}.Debug|Any CPU.ActiveCfg = Debug|Any CPU
		{43E2658B-B7E6-4888-8046-1C499DADA3EE}.Debug|Any CPU.Build.0 = Debug|Any CPU
		{43E2658B-B7E6-4888-8046-1C499DADA3EE}.Debug|x86.ActiveCfg = Debug|x86
		{43E2658B-B7E6-4888-8046-1C499DADA3EE}.Debug|x86.Build.0 = Debug|x86
		{43E2658B-B7E6-4888-8046-1C499DADA3EE}.Release|Any CPU.ActiveCfg = Release|Any CPU
		{43E2658B-B7E6-4888-8046-1C499DADA3EE}.Release|Any CPU.Build.0 = Release|Any CPU
		{43E2658B-B7E6-4888-8046-1C499DADA3EE}.Release|x86.ActiveCfg = Release|x86
		{43E2658B-B7E6-4888-8046-1C499DADA3EE}.Release|x86.Build.0 = Release|x86
		{43E2658B-B7E6-4888-8046-1C499DADA3EE}.Release|x86.Deploy.0 = Release|x86
		{97F6C522-D17C-4D10-B621-5B431E3C6CE9}.Debug|Any CPU.ActiveCfg = Debug|Any CPU
		{97F6C522-D17C-4D10-B621-5B431E3C6CE9}.Debug|Any CPU.Build.0 = Debug|Any CPU
		{97F6C522-D17C-4D10-B621-5B431E3C6CE9}.Debug|x86.ActiveCfg = Debug|Any CPU
		{97F6C522-D17C-4D10-B621-5B431E3C6CE9}.Debug|x86.Build.0 = Debug|Any CPU
		{97F6C522-D17C-4D10-B621-5B431E3C6CE9}.Release|Any CPU.ActiveCfg = Release|Any CPU
		{97F6C522-D17C-4D10-B621-5B431E3C6CE9}.Release|Any CPU.Build.0 = Release|Any CPU
		{97F6C522-D17C-4D10-B621-5B431E3C6CE9}.Release|x86.ActiveCfg = Release|Any CPU
		{97F6C522-D17C-4D10-B621-5B431E3C6CE9}.Release|x86.Build.0 = Release|Any CPU
		{FC00DFB6-78B8-409A-B2D9-A1F3E8BE73D7}.Debug|Any CPU.ActiveCfg = Debug|Any CPU
		{FC00DFB6-78B8-409A-B2D9-A1F3E8BE73D7}.Debug|Any CPU.Build.0 = Debug|Any CPU
		{FC00DFB6-78B8-409A-B2D9-A1F3E8BE73D7}.Debug|x86.ActiveCfg = Debug|Any CPU
		{FC00DFB6-78B8-409A-B2D9-A1F3E8BE73D7}.Debug|x86.Build.0 = Debug|Any CPU
		{FC00DFB6-78B8-409A-B2D9-A1F3E8BE73D7}.Release|Any CPU.ActiveCfg = Release|Any CPU
		{FC00DFB6-78B8-409A-B2D9-A1F3E8BE73D7}.Release|Any CPU.Build.0 = Release|Any CPU
		{FC00DFB6-78B8-409A-B2D9-A1F3E8BE73D7}.Release|x86.ActiveCfg = Release|Any CPU
		{FC00DFB6-78B8-409A-B2D9-A1F3E8BE73D7}.Release|x86.Build.0 = Release|Any CPU
	EndGlobalSection
	GlobalSection(SolutionProperties) = preSolution
		HideSolutionNode = FALSE
	EndGlobalSection
EndGlobal
